<?xml version="1.0" encoding="utf-8"?>
<Project ToolsVersion="4.0" xmlns="http://schemas.microsoft.com/developer/msbuild/2003">
  <ItemGroup>
    <Filter Include="Source Files">
      <UniqueIdentifier>{0e224e4e-8233-4ee3-810f-0bbf7a46c8bb}</UniqueIdentifier>
    </Filter>
    <Filter Include="Resources">
      <UniqueIdentifier>{13b0eb23-cc29-4f9c-985f-f41d61dbe5e8}</UniqueIdentifier>
    </Filter>
    <Filter Include="Headers">
      <UniqueIdentifier>{6e33feba-2ef1-43c0-a566-f1850b5ba2c4}</UniqueIdentifier>
      <Extensions>*.h</Extensions>
    </Filter>
  </ItemGroup>
  <ItemGroup>
    <ClCompile Include="Synth_Import.cpp">
      <Filter>Source Files</Filter>
    </ClCompile>
  </ItemGroup>
  <ItemGroup>
    <ResourceCompile Include="Synth_Import.rc">
      <Filter>Resources</Filter>
    </ResourceCompile>
  </ItemGroup>
  <ItemGroup>
    <ClInclude Include="..\..\Headers\PrSDKAlphaTypes.h">
      <Filter>Headers</Filter>
    </ClInclude>
    <ClInclude Include="..\..\Headers\PrSDKAudioSuite.h">
      <Filter>Headers</Filter>
    </ClInclude>
    <ClInclude Include="..\..\Headers\PrSDKClassData.h">
      <Filter>Headers</Filter>
    </ClInclude>
    <ClInclude Include="..\..\Headers\PrSDKEntry.h">
      <Filter>Headers</Filter>
    </ClInclude>
    <ClInclude Include="..\..\Headers\PrSDKImport.h">
      <Filter>Headers</Filter>
    </ClInclude>
    <ClInclude Include="..\..\Headers\PrSDKMALErrors.h">
      <Filter>Headers</Filter>
    </ClInclude>
    <ClInclude Include="..\..\Headers\PrSDKPixelFormat.h">
      <Filter>Headers</Filter>
    </ClInclude>
    <ClInclude Include="..\..\Headers\PrSDKPixelFormatSuite.h">
      <Filter>Headers</Filter>
    </ClInclude>
    <ClInclude Include="..\..\Headers\PrSDKPlugSuites.h">
      <Filter>Headers</Filter>
    </ClInclude>
    <ClInclude Include="..\..\Headers\PrSDKStructs.h">
      <Filter>Headers</Filter>
    </ClInclude>
    <ClInclude Include="..\..\Headers\PrSDKTypes.h">
      <Filter>Headers</Filter>
    </ClInclude>
    <ClInclude Include="Synth_Import.h">
      <Filter>Headers</Filter>
    </ClInclude>
  </ItemGroup>
  <ItemGroup>
    <CustomBuild Include="Synth_ImportPiPL.r">
      <Filter>Resources</Filter>
    </CustomBuild>
  </ItemGroup>
</Project>