
Microsoft Visual Studio Solution File, Format Version 12.00
# Visual Studio 14
VisualStudioVersion = 14.0.25420.1
MinimumVisualStudioVersion = 10.0.40219.1
Project("{8BC9CEB8-8B4A-11D0-8D11-00A0C91BC942}") = "Device_Control", "..\Device\Device_Control.vcxproj", "{E9991917-6CA6-4133-A49C-38607E4B7E30}"
EndProject
Project("{8BC9CEB8-8B4A-11D0-8D11-00A0C91BC942}") = "SDK_Custom_Import", "..\SDK_Custom_Import\SDK_Custom_Import.vcxproj", "{5E4334B0-CB9F-4132-AF8F-FAFC1A148FE7}"
EndProject
Project("{8BC9CEB8-8B4A-11D0-8D11-00A0C91BC942}") = "SDK_File_Import", "..\SDK_File_Import\SDK_File_Import.vcxproj", "{8C4F19A7-759E-4D52-BAEC-7ADF50FBFE8F}"
EndProject
Project("{8BC9CEB8-8B4A-11D0-8D11-00A0C91BC942}") = "Synth_Import", "..\Synth_Import\Synth_Import.vcxproj", "{C4E8ED8E-0C3D-4CC6-97B9-B19C2771CFF5}"
EndProject
Project("{8BC9CEB8-8B4A-11D0-8D11-00A0C91BC942}") = "Record", "..\Record\Record.vcxproj", "{9980E3AB-C839-4087-AC7D-CBE844185E73}"
EndProject
Project("{8BC9CEB8-8B4A-11D0-8D11-00A0C91BC942}") = "SDK_Exporter", "..\SDK_Exporter\SDK_Exporter.vcxproj", "{DD838C84-D95F-4F70-9BB8-D8CC64EC1786}"
EndProject
Project("{8BC9CEB8-8B4A-11D0-8D11-00A0C91BC942}") = "ExportController", "..\ExportController\ExportController.vcxproj", "{577F3B6D-9DD2-492F-B8BA-9E11D4F675F0}"
EndProject
Project("{8BC9CEB8-8B4A-11D0-8D11-00A0C91BC942}") = "Transmitter", "..\Transmitter\Transmitter.vcxproj", "{353F40DF-016A-4C2C-9E73-ADC3EADB3B8A}"
EndProject
Project("{8BC9CEB8-8B4A-11D0-8D11-00A0C91BC942}") = "SDK_ProcAmp (GPU)", "..\GPUVideoFilter\SDK_ProcAmp\Win\SDK_ProcAmp.vcxproj", "{77B1B4A1-2ACE-4D5C-A5AF-DCB5106E93BE}"
EndProject
Project("{8BC9CEB8-8B4A-11D0-8D11-00A0C91BC942}") = "SDK_CrossDissolve (GPU)", "..\GPUVideoFilter\SDK_CrossDissolve\Win\SDK_CrossDissolve.vcxproj", "{35A2FA5C-49F2-4558-B100-16F7B858872E}"
EndProject
Project("{8BC9CEB8-8B4A-11D0-8D11-00A0C91BC942}") = "ControlSurface", "..\ControlSurface\ControlSurface.vcxproj", "{D2C956A0-CD9A-4A4D-8979-19C80735FBA5}"
EndProject
Project("{8BC9CEB8-8B4A-11D0-8D11-00A0C91BC942}") = "Vignette (GPU)", "..\GPUVideoFilter\Vignette\Win\Vignette.vcxproj", "{876BA405-F7B0-4412-B564-2A1C39A52BE5}"
EndProject
Project("{2150E333-8FDC-42A3-9474-1A3956D46DE8}") = "Effects and Transitions", "Effects and Transitions", "{D825EAB1-B154-4AEE-B344-3587FBADE8C5}"
EndProject
Project("{2150E333-8FDC-42A3-9474-1A3956D46DE8}") = "Importers", "Importers", "{4CFC1B42-B626-4CDE-914C-B9441DC26F23}"
EndProject
Global
	GlobalSection(SolutionConfigurationPlatforms) = preSolution
		Debug|x64 = Debug|x64
		Debug|x86 = Debug|x86
		Release|x64 = Release|x64
		Release|x86 = Release|x86
	EndGlobalSection
	GlobalSection(ProjectConfigurationPlatforms) = postSolution
		{E9991917-6CA6-4133-A49C-38607E4B7E30}.Debug|x64.ActiveCfg = Debug|x64
		{E9991917-6CA6-4133-A49C-38607E4B7E30}.Debug|x64.Build.0 = Debug|x64
		{E9991917-6CA6-4133-A49C-38607E4B7E30}.Debug|x86.ActiveCfg = Debug|Win32
		{E9991917-6CA6-4133-A49C-38607E4B7E30}.Debug|x86.Build.0 = Debug|Win32
		{E9991917-6CA6-4133-A49C-38607E4B7E30}.Release|x64.ActiveCfg = Release|x64
		{E9991917-6CA6-4133-A49C-38607E4B7E30}.Release|x64.Build.0 = Release|x64
		{E9991917-6CA6-4133-A49C-38607E4B7E30}.Release|x86.ActiveCfg = Release|Win32
		{E9991917-6CA6-4133-A49C-38607E4B7E30}.Release|x86.Build.0 = Release|Win32
		{5E4334B0-CB9F-4132-AF8F-FAFC1A148FE7}.Debug|x64.ActiveCfg = Debug|x64
		{5E4334B0-CB9F-4132-AF8F-FAFC1A148FE7}.Debug|x64.Build.0 = Debug|x64
		{5E4334B0-CB9F-4132-AF8F-FAFC1A148FE7}.Debug|x86.ActiveCfg = Debug|Win32
		{5E4334B0-CB9F-4132-AF8F-FAFC1A148FE7}.Debug|x86.Build.0 = Debug|Win32
		{5E4334B0-CB9F-4132-AF8F-FAFC1A148FE7}.Release|x64.ActiveCfg = Release|x64
		{5E4334B0-CB9F-4132-AF8F-FAFC1A148FE7}.Release|x64.Build.0 = Release|x64
		{5E4334B0-CB9F-4132-AF8F-FAFC1A148FE7}.Release|x86.ActiveCfg = Release|Win32
		{5E4334B0-CB9F-4132-AF8F-FAFC1A148FE7}.Release|x86.Build.0 = Release|Win32
		{8C4F19A7-759E-4D52-BAEC-7ADF50FBFE8F}.Debug|x64.ActiveCfg = Debug|x64
		{8C4F19A7-759E-4D52-BAEC-7ADF50FBFE8F}.Debug|x64.Build.0 = Debug|x64
		{8C4F19A7-759E-4D52-BAEC-7ADF50FBFE8F}.Debug|x86.ActiveCfg = Debug|Win32
		{8C4F19A7-759E-4D52-BAEC-7ADF50FBFE8F}.Debug|x86.Build.0 = Debug|Win32
		{8C4F19A7-759E-4D52-BAEC-7ADF50FBFE8F}.Release|x64.ActiveCfg = Release|x64
		{8C4F19A7-759E-4D52-BAEC-7ADF50FBFE8F}.Release|x64.Build.0 = Release|x64
		{8C4F19A7-759E-4D52-BAEC-7ADF50FBFE8F}.Release|x86.ActiveCfg = Release|Win32
		{8C4F19A7-759E-4D52-BAEC-7ADF50FBFE8F}.Release|x86.Build.0 = Release|Win32
		{C4E8ED8E-0C3D-4CC6-97B9-B19C2771CFF5}.Debug|x64.ActiveCfg = Debug|x64
		{C4E8ED8E-0C3D-4CC6-97B9-B19C2771CFF5}.Debug|x64.Build.0 = Debug|x64
		{C4E8ED8E-0C3D-4CC6-97B9-B19C2771CFF5}.Debug|x86.ActiveCfg = Debug|Win32
		{C4E8ED8E-0C3D-4CC6-97B9-B19C2771CFF5}.Debug|x86.Build.0 = Debug|Win32
		{C4E8ED8E-0C3D-4CC6-97B9-B19C2771CFF5}.Release|x64.ActiveCfg = Release|x64
		{C4E8ED8E-0C3D-4CC6-97B9-B19C2771CFF5}.Release|x64.Build.0 = Release|x64
		{C4E8ED8E-0C3D-4CC6-97B9-B19C2771CFF5}.Release|x86.ActiveCfg = Release|Win32
		{C4E8ED8E-0C3D-4CC6-97B9-B19C2771CFF5}.Release|x86.Build.0 = Release|Win32
		{9980E3AB-C839-4087-AC7D-CBE844185E73}.Debug|x64.ActiveCfg = Debug|x64
		{9980E3AB-C839-4087-AC7D-CBE844185E73}.Debug|x64.Build.0 = Debug|x64
		{9980E3AB-C839-4087-AC7D-CBE844185E73}.Debug|x86.ActiveCfg = Debug|Win32
		{9980E3AB-C839-4087-AC7D-CBE844185E73}.Debug|x86.Build.0 = Debug|Win32
		{9980E3AB-C839-4087-AC7D-CBE844185E73}.Release|x64.ActiveCfg = Release|x64
		{9980E3AB-C839-4087-AC7D-CBE844185E73}.Release|x64.Build.0 = Release|x64
		{9980E3AB-C839-4087-AC7D-CBE844185E73}.Release|x86.ActiveCfg = Release|Win32
		{9980E3AB-C839-4087-AC7D-CBE844185E73}.Release|x86.Build.0 = Release|Win32
		{DD838C84-D95F-4F70-9BB8-D8CC64EC1786}.Debug|x64.ActiveCfg = Debug|x64
		{DD838C84-D95F-4F70-9BB8-D8CC64EC1786}.Debug|x64.Build.0 = Debug|x64
		{DD838C84-D95F-4F70-9BB8-D8CC64EC1786}.Debug|x86.ActiveCfg = Debug|Win32
		{DD838C84-D95F-4F70-9BB8-D8CC64EC1786}.Debug|x86.Build.0 = Debug|Win32
		{DD838C84-D95F-4F70-9BB8-D8CC64EC1786}.Release|x64.ActiveCfg = Release|x64
		{DD838C84-D95F-4F70-9BB8-D8CC64EC1786}.Release|x64.Build.0 = Release|x64
		{DD838C84-D95F-4F70-9BB8-D8CC64EC1786}.Release|x86.ActiveCfg = Release|Win32
		{DD838C84-D95F-4F70-9BB8-D8CC64EC1786}.Release|x86.Build.0 = Release|Win32
		{577F3B6D-9DD2-492F-B8BA-9E11D4F675F0}.Debug|x64.ActiveCfg = Debug|x64
		{577F3B6D-9DD2-492F-B8BA-9E11D4F675F0}.Debug|x64.Build.0 = Debug|x64
		{577F3B6D-9DD2-492F-B8BA-9E11D4F675F0}.Debug|x86.ActiveCfg = Debug|Win32
		{577F3B6D-9DD2-492F-B8BA-9E11D4F675F0}.Debug|x86.Build.0 = Debug|Win32
		{577F3B6D-9DD2-492F-B8BA-9E11D4F675F0}.Release|x64.ActiveCfg = Release|x64
		{577F3B6D-9DD2-492F-B8BA-9E11D4F675F0}.Release|x64.Build.0 = Release|x64
		{577F3B6D-9DD2-492F-B8BA-9E11D4F675F0}.Release|x86.ActiveCfg = Release|Win32
		{577F3B6D-9DD2-492F-B8BA-9E11D4F675F0}.Release|x86.Build.0 = Release|Win32
		{353F40DF-016A-4C2C-9E73-ADC3EADB3B8A}.Debug|x64.ActiveCfg = Debug|x64
		{353F40DF-016A-4C2C-9E73-ADC3EADB3B8A}.Debug|x64.Build.0 = Debug|x64
		{353F40DF-016A-4C2C-9E73-ADC3EADB3B8A}.Debug|x86.ActiveCfg = Debug|Win32
		{353F40DF-016A-4C2C-9E73-ADC3EADB3B8A}.Debug|x86.Build.0 = Debug|Win32
		{353F40DF-016A-4C2C-9E73-ADC3EADB3B8A}.Release|x64.ActiveCfg = Release|x64
		{353F40DF-016A-4C2C-9E73-ADC3EADB3B8A}.Release|x64.Build.0 = Release|x64
		{353F40DF-016A-4C2C-9E73-ADC3EADB3B8A}.Release|x86.ActiveCfg = Release|Win32
		{353F40DF-016A-4C2C-9E73-ADC3EADB3B8A}.Release|x86.Build.0 = Release|Win32
		{77B1B4A1-2ACE-4D5C-A5AF-DCB5106E93BE}.Debug|x64.ActiveCfg = Debug|x64
		{77B1B4A1-2ACE-4D5C-A5AF-DCB5106E93BE}.Debug|x64.Build.0 = Debug|x64
		{77B1B4A1-2ACE-4D5C-A5AF-DCB5106E93BE}.Debug|x86.ActiveCfg = Debug|x64
		{77B1B4A1-2ACE-4D5C-A5AF-DCB5106E93BE}.Release|x64.ActiveCfg = Release|x64
		{77B1B4A1-2ACE-4D5C-A5AF-DCB5106E93BE}.Release|x64.Build.0 = Release|x64
		{77B1B4A1-2ACE-4D5C-A5AF-DCB5106E93BE}.Release|x86.ActiveCfg = Release|x64
		{35A2FA5C-49F2-4558-B100-16F7B858872E}.Debug|x64.ActiveCfg = Debug|x64
		{35A2FA5C-49F2-4558-B100-16F7B858872E}.Debug|x64.Build.0 = Debug|x64
		{35A2FA5C-49F2-4558-B100-16F7B858872E}.Debug|x86.ActiveCfg = Debug|x64
		{35A2FA5C-49F2-4558-B100-16F7B858872E}.Release|x64.ActiveCfg = Release|x64
		{35A2FA5C-49F2-4558-B100-16F7B858872E}.Release|x64.Build.0 = Release|x64
		{35A2FA5C-49F2-4558-B100-16F7B858872E}.Release|x86.ActiveCfg = Release|x64
		{D2C956A0-CD9A-4A4D-8979-19C80735FBA5}.Debug|x64.ActiveCfg = Debug|x64
		{D2C956A0-CD9A-4A4D-8979-19C80735FBA5}.Debug|x64.Build.0 = Debug|x64
		{D2C956A0-CD9A-4A4D-8979-19C80735FBA5}.Debug|x86.ActiveCfg = Debug|x64
		{D2C956A0-CD9A-4A4D-8979-19C80735FBA5}.Release|x64.ActiveCfg = Release|x64
		{D2C956A0-CD9A-4A4D-8979-19C80735FBA5}.Release|x64.Build.0 = Release|x64
		{D2C956A0-CD9A-4A4D-8979-19C80735FBA5}.Release|x86.ActiveCfg = Release|x64
		{876BA405-F7B0-4412-B564-2A1C39A52BE5}.Debug|x64.ActiveCfg = Debug|x64
		{876BA405-F7B0-4412-B564-2A1C39A52BE5}.Debug|x64.Build.0 = Debug|x64
		{876BA405-F7B0-4412-B564-2A1C39A52BE5}.Debug|x86.ActiveCfg = Debug|x64
		{876BA405-F7B0-4412-B564-2A1C39A52BE5}.Release|x64.ActiveCfg = Release|x64
		{876BA405-F7B0-4412-B564-2A1C39A52BE5}.Release|x64.Build.0 = Release|x64
		{876BA405-F7B0-4412-B564-2A1C39A52BE5}.Release|x86.ActiveCfg = Release|x64
	EndGlobalSection
	GlobalSection(SolutionProperties) = preSolution
		HideSolutionNode = FALSE
	EndGlobalSection
	GlobalSection(NestedProjects) = preSolution
		{5E4334B0-CB9F-4132-AF8F-FAFC1A148FE7} = {4CFC1B42-B626-4CDE-914C-B9441DC26F23}
		{8C4F19A7-759E-4D52-BAEC-7ADF50FBFE8F} = {4CFC1B42-B626-4CDE-914C-B9441DC26F23}
		{C4E8ED8E-0C3D-4CC6-97B9-B19C2771CFF5} = {4CFC1B42-B626-4CDE-914C-B9441DC26F23}
		{77B1B4A1-2ACE-4D5C-A5AF-DCB5106E93BE} = {D825EAB1-B154-4AEE-B344-3587FBADE8C5}
		{35A2FA5C-49F2-4558-B100-16F7B858872E} = {D825EAB1-B154-4AEE-B344-3587FBADE8C5}
		{876BA405-F7B0-4412-B564-2A1C39A52BE5} = {D825EAB1-B154-4AEE-B344-3587FBADE8C5}
	EndGlobalSection
EndGlobal
