<?xml version="1.0" encoding="utf-8"?>
<Project ToolsVersion="4.0" xmlns="http://schemas.microsoft.com/developer/msbuild/2003">
  <ItemGroup>
    <Filter Include="Utility Files">
      <UniqueIdentifier>{dc318abe-b1ff-475b-8af7-a8f9873751c0}</UniqueIdentifier>
    </Filter>
    <Filter Include="Resource Files">
      <UniqueIdentifier>{5c75eed6-90e5-4e9e-9ce0-6f3135b4ce99}</UniqueIdentifier>
    </Filter>
    <Filter Include="Header Files">
      <UniqueIdentifier>{7e29f432-8579-46c0-8758-cc3e88396b0d}</UniqueIdentifier>
      <Extensions>.h</Extensions>
    </Filter>
    <Filter Include="Source Files">
      <UniqueIdentifier>{c43f7341-9421-4643-a179-d19b2982b974}</UniqueIdentifier>
    </Filter>
  </ItemGroup>
  <ItemGroup>
    <ClCompile Include="..\..\Utils\SDK_File.cpp">
      <Filter>Utility Files</Filter>
    </ClCompile>
    <ClCompile Include="..\..\Utils\SDK_Segment_Utils.cpp">
      <Filter>Utility Files</Filter>
    </ClCompile>
    <ClCompile Include="SDK_Exporter.cpp">
      <Filter>Source Files</Filter>
    </ClCompile>
    <ClCompile Include="SDK_Exporter_Params.cpp">
      <Filter>Source Files</Filter>
    </ClCompile>
  </ItemGroup>
  <ItemGroup>
    <ClInclude Include="..\..\Utils\SDK_File.h">
      <Filter>Utility Files</Filter>
    </ClInclude>
    <ClInclude Include="..\..\Utils\SDK_Segment_Utils.h">
      <Filter>Utility Files</Filter>
    </ClInclude>
    <ClInclude Include="..\..\Headers\PrSDKAudioSuite.h">
      <Filter>Header Files</Filter>
    </ClInclude>
    <ClInclude Include="..\..\Headers\PrSDKClipRenderSuite.h">
      <Filter>Header Files</Filter>
    </ClInclude>
    <ClInclude Include="..\..\Headers\PrSDKEntry.h">
      <Filter>Header Files</Filter>
    </ClInclude>
    <ClInclude Include="..\..\Headers\PrSDKErrorSuite.h">
      <Filter>Header Files</Filter>
    </ClInclude>
    <ClInclude Include="..\..\Headers\PrSDKExport.h">
      <Filter>Header Files</Filter>
    </ClInclude>
    <ClInclude Include="..\..\Headers\PrSDKExportFileSuite.h">
      <Filter>Header Files</Filter>
    </ClInclude>
    <ClInclude Include="..\..\Headers\PrSDKExportInfoSuite.h">
      <Filter>Header Files</Filter>
    </ClInclude>
    <ClInclude Include="..\..\Headers\PrSDKExportParamSuite.h">
      <Filter>Header Files</Filter>
    </ClInclude>
    <ClInclude Include="..\..\Headers\PrSDKExportProgressSuite.h">
      <Filter>Header Files</Filter>
    </ClInclude>
    <ClInclude Include="..\..\Headers\PrSDKFlashCueMarkerDataSuite.h">
      <Filter>Header Files</Filter>
    </ClInclude>
    <ClInclude Include="..\..\Headers\PrSDKMALErrors.h">
      <Filter>Header Files</Filter>
    </ClInclude>
    <ClInclude Include="..\..\Headers\PrSDKMarkerSuite.h">
      <Filter>Header Files</Filter>
    </ClInclude>
    <ClInclude Include="..\..\Headers\PrSDKMemoryManagerSuite.h">
      <Filter>Header Files</Filter>
    </ClInclude>
    <ClInclude Include="..\..\Headers\PrSDKPixelFormat.h">
      <Filter>Header Files</Filter>
    </ClInclude>
    <ClInclude Include="..\..\Headers\PrSDKPPixSuite.h">
      <Filter>Header Files</Filter>
    </ClInclude>
    <ClInclude Include="..\..\Headers\PrSDKQuality.h">
      <Filter>Header Files</Filter>
    </ClInclude>
    <ClInclude Include="..\..\Headers\PrSDKRealTime.h">
      <Filter>Header Files</Filter>
    </ClInclude>
    <ClInclude Include="..\..\Headers\PrSDKRenderCacheType.h">
      <Filter>Header Files</Filter>
    </ClInclude>
    <ClInclude Include="..\..\Headers\PrSDKSequenceAudioSuite.h">
      <Filter>Header Files</Filter>
    </ClInclude>
    <ClInclude Include="..\..\Headers\PrSDKSequenceRenderSuite.h">
      <Filter>Header Files</Filter>
    </ClInclude>
    <ClInclude Include="..\..\Headers\PrSDKTimeSuite.h">
      <Filter>Header Files</Filter>
    </ClInclude>
    <ClInclude Include="..\..\Headers\PrSDKTypes.h">
      <Filter>Header Files</Filter>
    </ClInclude>
    <ClInclude Include="SDK_Exporter.h">
      <Filter>Header Files</Filter>
    </ClInclude>
    <ClInclude Include="SDK_Exporter_Params.h">
      <Filter>Header Files</Filter>
    </ClInclude>
    <ClInclude Include="..\..\Headers\SPBasic.h">
      <Filter>Header Files</Filter>
    </ClInclude>
  </ItemGroup>
  <ItemGroup>
    <ResourceCompile Include="SDK_Exporter.rc">
      <Filter>Resource Files</Filter>
    </ResourceCompile>
  </ItemGroup>
</Project>